// !$*UTF8*$!
{
	archiveVersion = 1;
	classes = {
	};
	objectVersion = 50;
	objects = {

/* Begin PBXBuildFile section */
		A749CFD326098B9B000D0A4B /* AppDelegate.swift in Sources */ = {isa = PBXBuildFile; fileRef = A749CFD226098B9B000D0A4B /* AppDelegate.swift */; };
		A749CFD526098B9B000D0A4B /* SceneDelegate.swift in Sources */ = {isa = PBXBuildFile; fileRef = A749CFD426098B9B000D0A4B /* SceneDelegate.swift */; };
		A749CFD726098B9B000D0A4B /* NewsSearchViewController.swift in Sources */ = {isa = PBXBuildFile; fileRef = A749CFD626098B9B000D0A4B /* NewsSearchViewController.swift */; };
		A749CFDC26098B9C000D0A4B /* Assets.xcassets in Resources */ = {isa = PBXBuildFile; fileRef = A749CFDB26098B9C000D0A4B /* Assets.xcassets */; };
		A749CFDF26098B9C000D0A4B /* LaunchScreen.storyboard in Resources */ = {isa = PBXBuildFile; fileRef = A749CFDD26098B9C000D0A4B /* LaunchScreen.storyboard */; };
		A79302682628559000BDCE20 /* NewsSearchView.swift in Sources */ = {isa = PBXBuildFile; fileRef = A79302672628559000BDCE20 /* NewsSearchView.swift */; };
		A7C91911261D40A80040139E /* NewsSearchViewModel.swift in Sources */ = {isa = PBXBuildFile; fileRef = A7C91910261D40A80040139E /* NewsSearchViewModel.swift */; };
		A7C91916261D40D40040139E /* NewsCoordinator.swift in Sources */ = {isa = PBXBuildFile; fileRef = A7C91915261D40D40040139E /* NewsCoordinator.swift */; };
		A7C9191B261D41190040139E /* APIConfiguration.swift in Sources */ = {isa = PBXBuildFile; fileRef = A7C9191A261D41190040139E /* APIConfiguration.swift */; };
		A7C9191E261D412A0040139E /* APIRouter.swift in Sources */ = {isa = PBXBuildFile; fileRef = A7C9191D261D412A0040139E /* APIRouter.swift */; };
		A7C91926261FB1A80040139E /* URLSession+Utility.swift in Sources */ = {isa = PBXBuildFile; fileRef = A7C91925261FB1A80040139E /* URLSession+Utility.swift */; };
		A7C91929261FCEA30040139E /* NewsSearchEndpoint.swift in Sources */ = {isa = PBXBuildFile; fileRef = A7C91928261FCEA30040139E /* NewsSearchEndpoint.swift */; };
		A7C9192D261FCFE20040139E /* Constants.swift in Sources */ = {isa = PBXBuildFile; fileRef = A7C9192C261FCFE20040139E /* Constants.swift */; };
		A7C91932261FD2B10040139E /* NewsSearchRouter.swift in Sources */ = {isa = PBXBuildFile; fileRef = A7C91931261FD2B10040139E /* NewsSearchRouter.swift */; };
		A7C91937261FD30D0040139E /* NewsSearchResponse.swift in Sources */ = {isa = PBXBuildFile; fileRef = A7C91936261FD30D0040139E /* NewsSearchResponse.swift */; };
		D778E20F262EBEE700DC7C6B /* NewsCell.swift in Sources */ = {isa = PBXBuildFile; fileRef = D778E20E262EBEE700DC7C6B /* NewsCell.swift */; };
		D778E212262EBF5700DC7C6B /* UITableView+Utilities.swift in Sources */ = {isa = PBXBuildFile; fileRef = D778E211262EBF5700DC7C6B /* UITableView+Utilities.swift */; };
		D778E216262EBFA900DC7C6B /* ReusableView.swift in Sources */ = {isa = PBXBuildFile; fileRef = D778E215262EBFA900DC7C6B /* ReusableView.swift */; };
		D778E21A262EC56A00DC7C6B /* UIView+Utilities.swift in Sources */ = {isa = PBXBuildFile; fileRef = D778E219262EC56A00DC7C6B /* UIView+Utilities.swift */; };
		D778E2272630200700DC7C6B /* UIImageView+Utilities.swift in Sources */ = {isa = PBXBuildFile; fileRef = D778E2262630200700DC7C6B /* UIImageView+Utilities.swift */; };
/* End PBXBuildFile section */

/* Begin PBXFileReference section */
		A749CFCF26098B9B000D0A4B /* NewsArticles.app */ = {isa = PBXFileReference; explicitFileType = wrapper.application; includeInIndex = 0; path = NewsArticles.app; sourceTree = BUILT_PRODUCTS_DIR; };
		A749CFD226098B9B000D0A4B /* AppDelegate.swift */ = {isa = PBXFileReference; lastKnownFileType = sourcecode.swift; path = AppDelegate.swift; sourceTree = "<group>"; };
		A749CFD426098B9B000D0A4B /* SceneDelegate.swift */ = {isa = PBXFileReference; lastKnownFileType = sourcecode.swift; path = SceneDelegate.swift; sourceTree = "<group>"; };
		A749CFD626098B9B000D0A4B /* NewsSearchViewController.swift */ = {isa = PBXFileReference; lastKnownFileType = sourcecode.swift; path = NewsSearchViewController.swift; sourceTree = "<group>"; };
		A749CFDB26098B9C000D0A4B /* Assets.xcassets */ = {isa = PBXFileReference; lastKnownFileType = folder.assetcatalog; path = Assets.xcassets; sourceTree = "<group>"; };
		A749CFDE26098B9C000D0A4B /* Base */ = {isa = PBXFileReference; lastKnownFileType = file.storyboard; name = Base; path = Base.lproj/LaunchScreen.storyboard; sourceTree = "<group>"; };
		A749CFE026098B9C000D0A4B /* Info.plist */ = {isa = PBXFileReference; lastKnownFileType = text.plist.xml; path = Info.plist; sourceTree = "<group>"; };
		A79302672628559000BDCE20 /* NewsSearchView.swift */ = {isa = PBXFileReference; lastKnownFileType = sourcecode.swift; path = NewsSearchView.swift; sourceTree = "<group>"; };
		A7C91910261D40A80040139E /* NewsSearchViewModel.swift */ = {isa = PBXFileReference; lastKnownFileType = sourcecode.swift; path = NewsSearchViewModel.swift; sourceTree = "<group>"; };
		A7C91915261D40D40040139E /* NewsCoordinator.swift */ = {isa = PBXFileReference; lastKnownFileType = sourcecode.swift; path = NewsCoordinator.swift; sourceTree = "<group>"; };
		A7C9191A261D41190040139E /* APIConfiguration.swift */ = {isa = PBXFileReference; lastKnownFileType = sourcecode.swift; path = APIConfiguration.swift; sourceTree = "<group>"; };
		A7C9191D261D412A0040139E /* APIRouter.swift */ = {isa = PBXFileReference; lastKnownFileType = sourcecode.swift; path = APIRouter.swift; sourceTree = "<group>"; };
		A7C91925261FB1A80040139E /* URLSession+Utility.swift */ = {isa = PBXFileReference; fileEncoding = 4; lastKnownFileType = sourcecode.swift; path = "URLSession+Utility.swift"; sourceTree = "<group>"; };
		A7C91928261FCEA30040139E /* NewsSearchEndpoint.swift */ = {isa = PBXFileReference; lastKnownFileType = sourcecode.swift; path = NewsSearchEndpoint.swift; sourceTree = "<group>"; };
		A7C9192C261FCFE20040139E /* Constants.swift */ = {isa = PBXFileReference; lastKnownFileType = sourcecode.swift; path = Constants.swift; sourceTree = "<group>"; };
		A7C91931261FD2B10040139E /* NewsSearchRouter.swift */ = {isa = PBXFileReference; lastKnownFileType = sourcecode.swift; path = NewsSearchRouter.swift; sourceTree = "<group>"; };
		A7C91936261FD30D0040139E /* NewsSearchResponse.swift */ = {isa = PBXFileReference; lastKnownFileType = sourcecode.swift; path = NewsSearchResponse.swift; sourceTree = "<group>"; };
		D778E20E262EBEE700DC7C6B /* NewsCell.swift */ = {isa = PBXFileReference; lastKnownFileType = sourcecode.swift; path = NewsCell.swift; sourceTree = "<group>"; };
		D778E211262EBF5700DC7C6B /* UITableView+Utilities.swift */ = {isa = PBXFileReference; lastKnownFileType = sourcecode.swift; path = "UITableView+Utilities.swift"; sourceTree = "<group>"; };
		D778E215262EBFA900DC7C6B /* ReusableView.swift */ = {isa = PBXFileReference; lastKnownFileType = sourcecode.swift; path = ReusableView.swift; sourceTree = "<group>"; };
		D778E219262EC56A00DC7C6B /* UIView+Utilities.swift */ = {isa = PBXFileReference; lastKnownFileType = sourcecode.swift; path = "UIView+Utilities.swift"; sourceTree = "<group>"; };
		D778E2262630200700DC7C6B /* UIImageView+Utilities.swift */ = {isa = PBXFileReference; lastKnownFileType = sourcecode.swift; path = "UIImageView+Utilities.swift"; sourceTree = "<group>"; };
/* End PBXFileReference section */

/* Begin PBXFrameworksBuildPhase section */
		A749CFCC26098B9B000D0A4B /* Frameworks */ = {
			isa = PBXFrameworksBuildPhase;
			buildActionMask = 2147483647;
			files = (
			);
			runOnlyForDeploymentPostprocessing = 0;
		};
/* End PBXFrameworksBuildPhase section */

/* Begin PBXGroup section */
		A749CFC626098B9A000D0A4B = {
			isa = PBXGroup;
			children = (
				A749CFD126098B9B000D0A4B /* NewsArticles */,
				A749CFD026098B9B000D0A4B /* Products */,
			);
			sourceTree = "<group>";
		};
		A749CFD026098B9B000D0A4B /* Products */ = {
			isa = PBXGroup;
			children = (
				A749CFCF26098B9B000D0A4B /* NewsArticles.app */,
			);
			name = Products;
			sourceTree = "<group>";
		};
		A749CFD126098B9B000D0A4B /* NewsArticles */ = {
			isa = PBXGroup;
			children = (
				D778E214262EBF8D00DC7C6B /* Protocols */,
				A7C91935261FD2EF0040139E /* Data Models */,
				A7C9192B261FCFD40040139E /* Shared */,
				A7C91920261D41310040139E /* Extensions */,
				A7C91919261D40DC0040139E /* Network */,
				A7C91914261D40AD0040139E /* Coordinators */,
				A7C9190F261D40840040139E /* ViewModels */,
				A79302662628555D00BDCE20 /* Views */,
				A7C9190E261D40740040139E /* ViewControllers */,
				A749CFD226098B9B000D0A4B /* AppDelegate.swift */,
				A749CFD426098B9B000D0A4B /* SceneDelegate.swift */,
				A749CFDB26098B9C000D0A4B /* Assets.xcassets */,
				A749CFDD26098B9C000D0A4B /* LaunchScreen.storyboard */,
				A749CFE026098B9C000D0A4B /* Info.plist */,
			);
			path = NewsArticles;
			sourceTree = "<group>";
		};
		A79302662628555D00BDCE20 /* Views */ = {
			isa = PBXGroup;
			children = (
				A79302672628559000BDCE20 /* NewsSearchView.swift */,
				D778E20E262EBEE700DC7C6B /* NewsCell.swift */,
			);
			path = Views;
			sourceTree = "<group>";
		};
		A7C9190E261D40740040139E /* ViewControllers */ = {
			isa = PBXGroup;
			children = (
				A749CFD626098B9B000D0A4B /* NewsSearchViewController.swift */,
			);
			path = ViewControllers;
			sourceTree = "<group>";
		};
		A7C9190F261D40840040139E /* ViewModels */ = {
			isa = PBXGroup;
			children = (
				A7C91910261D40A80040139E /* NewsSearchViewModel.swift */,
			);
			path = ViewModels;
			sourceTree = "<group>";
		};
		A7C91914261D40AD0040139E /* Coordinators */ = {
			isa = PBXGroup;
			children = (
				A7C91915261D40D40040139E /* NewsCoordinator.swift */,
			);
			path = Coordinators;
			sourceTree = "<group>";
		};
		A7C91919261D40DC0040139E /* Network */ = {
			isa = PBXGroup;
			children = (
				A7C9193A2621B6B90040139E /* Endpoints */,
				A7C91930261FD2950040139E /* Routers */,
				A7C9191A261D41190040139E /* APIConfiguration.swift */,
			);
			path = Network;
			sourceTree = "<group>";
		};
		A7C91920261D41310040139E /* Extensions */ = {
			isa = PBXGroup;
			children = (
				A7C91925261FB1A80040139E /* URLSession+Utility.swift */,
				D778E211262EBF5700DC7C6B /* UITableView+Utilities.swift */,
				D778E219262EC56A00DC7C6B /* UIView+Utilities.swift */,
				D778E2262630200700DC7C6B /* UIImageView+Utilities.swift */,
			);
			path = Extensions;
			sourceTree = "<group>";
		};
		A7C9192B261FCFD40040139E /* Shared */ = {
			isa = PBXGroup;
			children = (
				A7C9192C261FCFE20040139E /* Constants.swift */,
			);
			path = Shared;
			sourceTree = "<group>";
		};
		A7C91930261FD2950040139E /* Routers */ = {
			isa = PBXGroup;
			children = (
				A7C9191D261D412A0040139E /* APIRouter.swift */,
				A7C91931261FD2B10040139E /* NewsSearchRouter.swift */,
			);
			path = Routers;
			sourceTree = "<group>";
		};
		A7C91935261FD2EF0040139E /* Data Models */ = {
			isa = PBXGroup;
			children = (
				A7C91936261FD30D0040139E /* NewsSearchResponse.swift */,
			);
			path = "Data Models";
			sourceTree = "<group>";
		};
		A7C9193A2621B6B90040139E /* Endpoints */ = {
			isa = PBXGroup;
			children = (
				A7C91928261FCEA30040139E /* NewsSearchEndpoint.swift */,
			);
			path = Endpoints;
			sourceTree = "<group>";
		};
		D778E214262EBF8D00DC7C6B /* Protocols */ = {
			isa = PBXGroup;
			children = (
				D778E215262EBFA900DC7C6B /* ReusableView.swift */,
			);
			path = Protocols;
			sourceTree = "<group>";
		};
/* End PBXGroup section */

/* Begin PBXNativeTarget section */
		A749CFCE26098B9B000D0A4B /* NewsArticles */ = {
			isa = PBXNativeTarget;
			buildConfigurationList = A749CFE326098B9C000D0A4B /* Build configuration list for PBXNativeTarget "NewsArticles" */;
			buildPhases = (
				A749CFCB26098B9B000D0A4B /* Sources */,
				A749CFCC26098B9B000D0A4B /* Frameworks */,
				A749CFCD26098B9B000D0A4B /* Resources */,
			);
			buildRules = (
			);
			dependencies = (
			);
			name = NewsArticles;
			productName = NewsArticles;
			productReference = A749CFCF26098B9B000D0A4B /* NewsArticles.app */;
			productType = "com.apple.product-type.application";
		};
/* End PBXNativeTarget section */

/* Begin PBXProject section */
		A749CFC726098B9A000D0A4B /* Project object */ = {
			isa = PBXProject;
			attributes = {
				LastSwiftUpdateCheck = 1220;
				LastUpgradeCheck = 1220;
				TargetAttributes = {
					A749CFCE26098B9B000D0A4B = {
						CreatedOnToolsVersion = 12.2;
					};
				};
			};
			buildConfigurationList = A749CFCA26098B9A000D0A4B /* Build configuration list for PBXProject "NewsArticles" */;
			compatibilityVersion = "Xcode 9.3";
			developmentRegion = en;
			hasScannedForEncodings = 0;
			knownRegions = (
				en,
				Base,
			);
			mainGroup = A749CFC626098B9A000D0A4B;
			productRefGroup = A749CFD026098B9B000D0A4B /* Products */;
			projectDirPath = "";
			projectRoot = "";
			targets = (
				A749CFCE26098B9B000D0A4B /* NewsArticles */,
			);
		};
/* End PBXProject section */

/* Begin PBXResourcesBuildPhase section */
		A749CFCD26098B9B000D0A4B /* Resources */ = {
			isa = PBXResourcesBuildPhase;
			buildActionMask = 2147483647;
			files = (
				A749CFDF26098B9C000D0A4B /* LaunchScreen.storyboard in Resources */,
				A749CFDC26098B9C000D0A4B /* Assets.xcassets in Resources */,
			);
			runOnlyForDeploymentPostprocessing = 0;
		};
/* End PBXResourcesBuildPhase section */

/* Begin PBXSourcesBuildPhase section */
		A749CFCB26098B9B000D0A4B /* Sources */ = {
			isa = PBXSourcesBuildPhase;
			buildActionMask = 2147483647;
			files = (
				A7C9191E261D412A0040139E /* APIRouter.swift in Sources */,
				A7C91926261FB1A80040139E /* URLSession+Utility.swift in Sources */,
				D778E21A262EC56A00DC7C6B /* UIView+Utilities.swift in Sources */,
				D778E212262EBF5700DC7C6B /* UITableView+Utilities.swift in Sources */,
				A749CFD726098B9B000D0A4B /* NewsSearchViewController.swift in Sources */,
				A7C9191B261D41190040139E /* APIConfiguration.swift in Sources */,
				A749CFD326098B9B000D0A4B /* AppDelegate.swift in Sources */,
				A7C9192D261FCFE20040139E /* Constants.swift in Sources */,
				A749CFD526098B9B000D0A4B /* SceneDelegate.swift in Sources */,
				A79302682628559000BDCE20 /* NewsSearchView.swift in Sources */,
				A7C91916261D40D40040139E /* NewsCoordinator.swift in Sources */,
				A7C91932261FD2B10040139E /* NewsSearchRouter.swift in Sources */,
				D778E216262EBFA900DC7C6B /* ReusableView.swift in Sources */,
				D778E20F262EBEE700DC7C6B /* NewsCell.swift in Sources */,
				D778E2272630200700DC7C6B /* UIImageView+Utilities.swift in Sources */,
				A7C91937261FD30D0040139E /* NewsSearchResponse.swift in Sources */,
				A7C91929261FCEA30040139E /* NewsSearchEndpoint.swift in Sources */,
				A7C91911261D40A80040139E /* NewsSearchViewModel.swift in Sources */,
			);
			runOnlyForDeploymentPostprocessing = 0;
		};
/* End PBXSourcesBuildPhase section */

/* Begin PBXVariantGroup section */
		A749CFDD26098B9C000D0A4B /* LaunchScreen.storyboard */ = {
			isa = PBXVariantGroup;
			children = (
				A749CFDE26098B9C000D0A4B /* Base */,
			);
			name = LaunchScreen.storyboard;
			sourceTree = "<group>";
		};
/* End PBXVariantGroup section */

/* Begin XCBuildConfiguration section */
		A749CFE126098B9C000D0A4B /* Debug */ = {
			isa = XCBuildConfiguration;
			buildSettings = {
				ALWAYS_SEARCH_USER_PATHS = NO;
				CLANG_ANALYZER_NONNULL = YES;
				CLANG_ANALYZER_NUMBER_OBJECT_CONVERSION = YES_AGGRESSIVE;
				CLANG_CXX_LANGUAGE_STANDARD = "gnu++14";
				CLANG_CXX_LIBRARY = "libc++";
				CLANG_ENABLE_MODULES = YES;
				CLANG_ENABLE_OBJC_ARC = YES;
				CLANG_ENABLE_OBJC_WEAK = YES;
				CLANG_WARN_BLOCK_CAPTURE_AUTORELEASING = YES;
				CLANG_WARN_BOOL_CONVERSION = YES;
				CLANG_WARN_COMMA = YES;
				CLANG_WARN_CONSTANT_CONVERSION = YES;
				CLANG_WARN_DEPRECATED_OBJC_IMPLEMENTATIONS = YES;
				CLANG_WARN_DIRECT_OBJC_ISA_USAGE = YES_ERROR;
				CLANG_WARN_DOCUMENTATION_COMMENTS = YES;
				CLANG_WARN_EMPTY_BODY = YES;
				CLANG_WARN_ENUM_CONVERSION = YES;
				CLANG_WARN_INFINITE_RECURSION = YES;
				CLANG_WARN_INT_CONVERSION = YES;
				CLANG_WARN_NON_LITERAL_NULL_CONVERSION = YES;
				CLANG_WARN_OBJC_IMPLICIT_RETAIN_SELF = YES;
				CLANG_WARN_OBJC_LITERAL_CONVERSION = YES;
				CLANG_WARN_OBJC_ROOT_CLASS = YES_ERROR;
				CLANG_WARN_QUOTED_INCLUDE_IN_FRAMEWORK_HEADER = YES;
				CLANG_WARN_RANGE_LOOP_ANALYSIS = YES;
				CLANG_WARN_STRICT_PROTOTYPES = YES;
				CLANG_WARN_SUSPICIOUS_MOVE = YES;
				CLANG_WARN_UNGUARDED_AVAILABILITY = YES_AGGRESSIVE;
				CLANG_WARN_UNREACHABLE_CODE = YES;
				CLANG_WARN__DUPLICATE_METHOD_MATCH = YES;
				COPY_PHASE_STRIP = NO;
				DEBUG_INFORMATION_FORMAT = dwarf;
				ENABLE_STRICT_OBJC_MSGSEND = YES;
				ENABLE_TESTABILITY = YES;
				GCC_C_LANGUAGE_STANDARD = gnu11;
				GCC_DYNAMIC_NO_PIC = NO;
				GCC_NO_COMMON_BLOCKS = YES;
				GCC_OPTIMIZATION_LEVEL = 0;
				GCC_PREPROCESSOR_DEFINITIONS = (
					"DEBUG=1",
					"$(inherited)",
				);
				GCC_WARN_64_TO_32_BIT_CONVERSION = YES;
				GCC_WARN_ABOUT_RETURN_TYPE = YES_ERROR;
				GCC_WARN_UNDECLARED_SELECTOR = YES;
				GCC_WARN_UNINITIALIZED_AUTOS = YES_AGGRESSIVE;
				GCC_WARN_UNUSED_FUNCTION = YES;
				GCC_WARN_UNUSED_VARIABLE = YES;
				IPHONEOS_DEPLOYMENT_TARGET = 14.2;
				MTL_ENABLE_DEBUG_INFO = INCLUDE_SOURCE;
				MTL_FAST_MATH = YES;
				ONLY_ACTIVE_ARCH = YES;
				SDKROOT = iphoneos;
				SWIFT_ACTIVE_COMPILATION_CONDITIONS = DEBUG;
				SWIFT_OPTIMIZATION_LEVEL = "-Onone";
			};
			name = Debug;
		};
		A749CFE226098B9C000D0A4B /* Release */ = {
			isa = XCBuildConfiguration;
			buildSettings = {
				ALWAYS_SEARCH_USER_PATHS = NO;
				CLANG_ANALYZER_NONNULL = YES;
				CLANG_ANALYZER_NUMBER_OBJECT_CONVERSION = YES_AGGRESSIVE;
				CLANG_CXX_LANGUAGE_STANDARD = "gnu++14";
				CLANG_CXX_LIBRARY = "libc++";
				CLANG_ENABLE_MODULES = YES;
				CLANG_ENABLE_OBJC_ARC = YES;
				CLANG_ENABLE_OBJC_WEAK = YES;
				CLANG_WARN_BLOCK_CAPTURE_AUTORELEASING = YES;
				CLANG_WARN_BOOL_CONVERSION = YES;
				CLANG_WARN_COMMA = YES;
				CLANG_WARN_CONSTANT_CONVERSION = YES;
				CLANG_WARN_DEPRECATED_OBJC_IMPLEMENTATIONS = YES;
				CLANG_WARN_DIRECT_OBJC_ISA_USAGE = YES_ERROR;
				CLANG_WARN_DOCUMENTATION_COMMENTS = YES;
				CLANG_WARN_EMPTY_BODY = YES;
				CLANG_WARN_ENUM_CONVERSION = YES;
				CLANG_WARN_INFINITE_RECURSION = YES;
				CLANG_WARN_INT_CONVERSION = YES;
				CLANG_WARN_NON_LITERAL_NULL_CONVERSION = YES;
				CLANG_WARN_OBJC_IMPLICIT_RETAIN_SELF = YES;
				CLANG_WARN_OBJC_LITERAL_CONVERSION = YES;
				CLANG_WARN_OBJC_ROOT_CLASS = YES_ERROR;
				CLANG_WARN_QUOTED_INCLUDE_IN_FRAMEWORK_HEADER = YES;
				CLANG_WARN_RANGE_LOOP_ANALYSIS = YES;
				CLANG_WARN_STRICT_PROTOTYPES = YES;
				CLANG_WARN_SUSPICIOUS_MOVE = YES;
				CLANG_WARN_UNGUARDED_AVAILABILITY = YES_AGGRESSIVE;
				CLANG_WARN_UNREACHABLE_CODE = YES;
				CLANG_WARN__DUPLICATE_METHOD_MATCH = YES;
				COPY_PHASE_STRIP = NO;
				DEBUG_INFORMATION_FORMAT = "dwarf-with-dsym";
				ENABLE_NS_ASSERTIONS = NO;
				ENABLE_STRICT_OBJC_MSGSEND = YES;
				GCC_C_LANGUAGE_STANDARD = gnu11;
				GCC_NO_COMMON_BLOCKS = YES;
				GCC_WARN_64_TO_32_BIT_CONVERSION = YES;
				GCC_WARN_ABOUT_RETURN_TYPE = YES_ERROR;
				GCC_WARN_UNDECLARED_SELECTOR = YES;
				GCC_WARN_UNINITIALIZED_AUTOS = YES_AGGRESSIVE;
				GCC_WARN_UNUSED_FUNCTION = YES;
				GCC_WARN_UNUSED_VARIABLE = YES;
				IPHONEOS_DEPLOYMENT_TARGET = 14.2;
				MTL_ENABLE_DEBUG_INFO = NO;
				MTL_FAST_MATH = YES;
				SDKROOT = iphoneos;
				SWIFT_COMPILATION_MODE = wholemodule;
				SWIFT_OPTIMIZATION_LEVEL = "-O";
				VALIDATE_PRODUCT = YES;
			};
			name = Release;
		};
		A749CFE426098B9C000D0A4B /* Debug */ = {
			isa = XCBuildConfiguration;
			buildSettings = {
				ASSETCATALOG_COMPILER_APPICON_NAME = AppIcon;
				ASSETCATALOG_COMPILER_GLOBAL_ACCENT_COLOR_NAME = AccentColor;
				CODE_SIGN_STYLE = Automatic;
				DEVELOPMENT_TEAM = F9SPFQ3WCK;
				INFOPLIST_FILE = NewsArticles/Info.plist;
				LD_RUNPATH_SEARCH_PATHS = (
					"$(inherited)",
					"@executable_path/Frameworks",
				);
				PRODUCT_BUNDLE_IDENTIFIER = com.cocoateam.NewsArticles;
				PRODUCT_NAME = "$(TARGET_NAME)";
				SWIFT_VERSION = 5.0;
				TARGETED_DEVICE_FAMILY = "1,2";
			};
			name = Debug;
		};
		A749CFE526098B9C000D0A4B /* Release */ = {
			isa = XCBuildConfiguration;
			buildSettings = {
				ASSETCATALOG_COMPILER_APPICON_NAME = AppIcon;
				ASSETCATALOG_COMPILER_GLOBAL_ACCENT_COLOR_NAME = AccentColor;
				CODE_SIGN_STYLE = Automatic;
				DEVELOPMENT_TEAM = F9SPFQ3WCK;
				INFOPLIST_FILE = NewsArticles/Info.plist;
				LD_RUNPATH_SEARCH_PATHS = (
					"$(inherited)",
					"@executable_path/Frameworks",
				);
				PRODUCT_BUNDLE_IDENTIFIER = com.cocoateam.NewsArticles;
				PRODUCT_NAME = "$(TARGET_NAME)";
				SWIFT_VERSION = 5.0;
				TARGETED_DEVICE_FAMILY = "1,2";
			};
			name = Release;
		};
/* End XCBuildConfiguration section */

/* Begin XCConfigurationList section */
		A749CFCA26098B9A000D0A4B /* Build configuration list for PBXProject "NewsArticles" */ = {
			isa = XCConfigurationList;
			buildConfigurations = (
				A749CFE126098B9C000D0A4B /* Debug */,
				A749CFE226098B9C000D0A4B /* Release */,
			);
			defaultConfigurationIsVisible = 0;
			defaultConfigurationName = Release;
		};
		A749CFE326098B9C000D0A4B /* Build configuration list for PBXNativeTarget "NewsArticles" */ = {
			isa = XCConfigurationList;
			buildConfigurations = (
				A749CFE426098B9C000D0A4B /* Debug */,
				A749CFE526098B9C000D0A4B /* Release */,
			);
			defaultConfigurationIsVisible = 0;
			defaultConfigurationName = Release;
		};
/* End XCConfigurationList section */
	};
	rootObject = A749CFC726098B9A000D0A4B /* Project object */;
}
